# This file was autogenerated by Stack.
# You should not edit this file by hand.
# For more information, please see the documentation at:
#   https://docs.haskellstack.org/en/stable/lock_files

packages:
- completed:
    hackage: either-result-0.3.1.0@sha256:75fd6c67b49a0bffcb56088a288f584723b96bc0f2b794ea9fd08ec225dcacae,2346
    pantry-tree:
      size: 887
      sha256: 3b47ffc620f8f5772c97c877be90fe202baa8f10c88b01a78739b8cb516a99aa
  original:
    hackage: either-result-0.3.1.0@sha256:75fd6c67b49a0bffcb56088a288f584723b96bc0f2b794ea9fd08ec225dcacae,2346
- completed:
    hackage: sydtest-0.5.0.0@sha256:ebaeec8b5b0da45132ea467320046a26dc45b2351700f23ffb59eb8c1a2c027d,3659
    pantry-tree:
      size: 3006
      sha256: ddf70764317c550e560a91e93f719bfeb15ea65b87cdd29b9bc9f0b9f9e4dfee
  original:
    hackage: sydtest-0.5.0.0
- completed:
    hackage: monad-throw-exit-0.1.0.0@sha256:a41300207b9676da44fa4921f318a0d7ff74b5013dfae8de055e8cdb1ac7b8bb,1650
    pantry-tree:
      size: 384
      sha256: ffbaa0440dd8045042ed76d6db9929ec35a784ec209baad1e85f1ff18858a33f
  original:
    hackage: monad-throw-exit-0.1.0.0
snapshots:
- completed:
    size: 611690
    url: https://raw.githubusercontent.com/commercialhaskell/stackage-snapshots/master/nightly/2021/12/18.yaml
    sha256: d588b09b01c2b9ed1ea2880d70742f67c7ae775b3e032a44aa3beac8774fc99c
  original: nightly-2021-12-18
